
Microsoft Visual Studio Solution File, Format Version 12.00
# Visual Studio 14
VisualStudioVersion = 14.0.23107.0
MinimumVisualStudioVersion = 10.0.40219.1
Project("{F2A71F9B-5D33-465A-A702-920D77279786}") = "TestLauncher", "TestLauncher.fsproj", "{D8F16E4C-10BD-4990-94DA-BE029C6D226A}"
EndProject
Project("{F2A71F9B-5D33-465A-A702-920D77279786}") = "ES.Taipan.Application", "..\ES.Taipan.Application\ES.Taipan.Application.fsproj", "{7FF8E8CD-2EC1-47DC-B5F0-D5FC75E4763F}"
EndProject
Project("{F2A71F9B-5D33-465A-A702-920D77279786}") = "ES.Taipan.Inspector", "..\ES.Taipan.Inspector\ES.Taipan.Inspector.fsproj", "{59244978-1061-4BC7-8636-5CB65569D87C}"
EndProject
Project("{F2A71F9B-5D33-465A-A702-920D77279786}") = "ES.Taipan.Infrastructure", "..\ES.Taipan.Infrastructure\ES.Taipan.Infrastructure.fsproj", "{9E7F5A33-FE4F-4ADE-B28F-E906DF2C13F1}"
EndProject
Project("{F2A71F9B-5D33-465A-A702-920D77279786}") = "ES.Taipan.Fingerprinter", "..\ES.Taipan.Fingerprinter\ES.Taipan.Fingerprinter.fsproj", "{F5DC62F2-457A-4085-BDA5-29D4BB897CE4}"
EndProject
Project("{F2A71F9B-5D33-465A-A702-920D77279786}") = "ES.Taipan.Fingerprinter.ApplicationCheckers", "..\ES.Taipan.Fingerprinter.ApplicationCheckers\ES.Taipan.Fingerprinter.ApplicationCheckers.fsproj", "{6CC43754-521F-4E19-8602-81B9DC0B7983}"
EndProject
Project("{F2A71F9B-5D33-465A-A702-920D77279786}") = "ES.Taipan.Discoverer", "..\ES.Taipan.Discoverer\ES.Taipan.Discoverer.fsproj", "{358232D4-F4F3-4CFC-91CA-02513F05EFB5}"
EndProject
Project("{F2A71F9B-5D33-465A-A702-920D77279786}") = "ES.Taipan.Crawler", "..\ES.Taipan.Crawler\ES.Taipan.Crawler.fsproj", "{B010BDD4-2A3D-4963-8FD0-FCC4956C7796}"
EndProject
Project("{F2A71F9B-5D33-465A-A702-920D77279786}") = "ES.Taipan.Crawler.WebScrapers", "..\ES.Taipan.Crawler.WebScrapers\ES.Taipan.Crawler.WebScrapers.fsproj", "{E3C1DFA1-6D5A-4044-93DB-0B4845EC69CB}"
EndProject
Global
	GlobalSection(SolutionConfigurationPlatforms) = preSolution
		Debug|Any CPU = Debug|Any CPU
		Debug|x86 = Debug|x86
		Package|Any CPU = Package|Any CPU
		Package|x86 = Package|x86
		Release|Any CPU = Release|Any CPU
		Release|x86 = Release|x86
	EndGlobalSection
	GlobalSection(ProjectConfigurationPlatforms) = postSolution
		{D8F16E4C-10BD-4990-94DA-BE029C6D226A}.Debug|Any CPU.ActiveCfg = Debug|Any CPU
		{D8F16E4C-10BD-4990-94DA-BE029C6D226A}.Debug|Any CPU.Build.0 = Debug|Any CPU
		{D8F16E4C-10BD-4990-94DA-BE029C6D226A}.Debug|x86.ActiveCfg = Debug|Any CPU
		{D8F16E4C-10BD-4990-94DA-BE029C6D226A}.Debug|x86.Build.0 = Debug|Any CPU
		{D8F16E4C-10BD-4990-94DA-BE029C6D226A}.Package|Any CPU.ActiveCfg = Release|Any CPU
		{D8F16E4C-10BD-4990-94DA-BE029C6D226A}.Package|Any CPU.Build.0 = Release|Any CPU
		{D8F16E4C-10BD-4990-94DA-BE029C6D226A}.Package|x86.ActiveCfg = Release|Any CPU
		{D8F16E4C-10BD-4990-94DA-BE029C6D226A}.Package|x86.Build.0 = Release|Any CPU
		{D8F16E4C-10BD-4990-94DA-BE029C6D226A}.Release|Any CPU.ActiveCfg = Release|Any CPU
		{D8F16E4C-10BD-4990-94DA-BE029C6D226A}.Release|Any CPU.Build.0 = Release|Any CPU
		{D8F16E4C-10BD-4990-94DA-BE029C6D226A}.Release|x86.ActiveCfg = Release|Any CPU
		{D8F16E4C-10BD-4990-94DA-BE029C6D226A}.Release|x86.Build.0 = Release|Any CPU
		{7FF8E8CD-2EC1-47DC-B5F0-D5FC75E4763F}.Debug|Any CPU.ActiveCfg = Debug|Any CPU
		{7FF8E8CD-2EC1-47DC-B5F0-D5FC75E4763F}.Debug|Any CPU.Build.0 = Debug|Any CPU
		{7FF8E8CD-2EC1-47DC-B5F0-D5FC75E4763F}.Debug|x86.ActiveCfg = Debug|Any CPU
		{7FF8E8CD-2EC1-47DC-B5F0-D5FC75E4763F}.Debug|x86.Build.0 = Debug|Any CPU
		{7FF8E8CD-2EC1-47DC-B5F0-D5FC75E4763F}.Package|Any CPU.ActiveCfg = Release|Any CPU
		{7FF8E8CD-2EC1-47DC-B5F0-D5FC75E4763F}.Package|Any CPU.Build.0 = Release|Any CPU
		{7FF8E8CD-2EC1-47DC-B5F0-D5FC75E4763F}.Package|x86.ActiveCfg = Release|Any CPU
		{7FF8E8CD-2EC1-47DC-B5F0-D5FC75E4763F}.Package|x86.Build.0 = Release|Any CPU
		{7FF8E8CD-2EC1-47DC-B5F0-D5FC75E4763F}.Release|Any CPU.ActiveCfg = Release|Any CPU
		{7FF8E8CD-2EC1-47DC-B5F0-D5FC75E4763F}.Release|Any CPU.Build.0 = Release|Any CPU
		{7FF8E8CD-2EC1-47DC-B5F0-D5FC75E4763F}.Release|x86.ActiveCfg = Release|Any CPU
		{7FF8E8CD-2EC1-47DC-B5F0-D5FC75E4763F}.Release|x86.Build.0 = Release|Any CPU
		{59244978-1061-4BC7-8636-5CB65569D87C}.Debug|Any CPU.ActiveCfg = Debug|Any CPU
		{59244978-1061-4BC7-8636-5CB65569D87C}.Debug|Any CPU.Build.0 = Debug|Any CPU
		{59244978-1061-4BC7-8636-5CB65569D87C}.Debug|x86.ActiveCfg = Debug|Any CPU
		{59244978-1061-4BC7-8636-5CB65569D87C}.Debug|x86.Build.0 = Debug|Any CPU
		{59244978-1061-4BC7-8636-5CB65569D87C}.Package|Any CPU.ActiveCfg = Release|Any CPU
		{59244978-1061-4BC7-8636-5CB65569D87C}.Package|Any CPU.Build.0 = Release|Any CPU
		{59244978-1061-4BC7-8636-5CB65569D87C}.Package|x86.ActiveCfg = Release|Any CPU
		{59244978-1061-4BC7-8636-5CB65569D87C}.Package|x86.Build.0 = Release|Any CPU
		{59244978-1061-4BC7-8636-5CB65569D87C}.Release|Any CPU.ActiveCfg = Release|Any CPU
		{59244978-1061-4BC7-8636-5CB65569D87C}.Release|Any CPU.Build.0 = Release|Any CPU
		{59244978-1061-4BC7-8636-5CB65569D87C}.Release|x86.ActiveCfg = Release|Any CPU
		{59244978-1061-4BC7-8636-5CB65569D87C}.Release|x86.Build.0 = Release|Any CPU
		{9E7F5A33-FE4F-4ADE-B28F-E906DF2C13F1}.Debug|Any CPU.ActiveCfg = Debug|Any CPU
		{9E7F5A33-FE4F-4ADE-B28F-E906DF2C13F1}.Debug|Any CPU.Build.0 = Debug|Any CPU
		{9E7F5A33-FE4F-4ADE-B28F-E906DF2C13F1}.Debug|x86.ActiveCfg = Debug|x86
		{9E7F5A33-FE4F-4ADE-B28F-E906DF2C13F1}.Debug|x86.Build.0 = Debug|x86
		{9E7F5A33-FE4F-4ADE-B28F-E906DF2C13F1}.Package|Any CPU.ActiveCfg = Package|Any CPU
		{9E7F5A33-FE4F-4ADE-B28F-E906DF2C13F1}.Package|Any CPU.Build.0 = Package|Any CPU
		{9E7F5A33-FE4F-4ADE-B28F-E906DF2C13F1}.Package|x86.ActiveCfg = Package|x86
		{9E7F5A33-FE4F-4ADE-B28F-E906DF2C13F1}.Package|x86.Build.0 = Package|x86
		{9E7F5A33-FE4F-4ADE-B28F-E906DF2C13F1}.Release|Any CPU.ActiveCfg = Release|Any CPU
		{9E7F5A33-FE4F-4ADE-B28F-E906DF2C13F1}.Release|Any CPU.Build.0 = Release|Any CPU
		{9E7F5A33-FE4F-4ADE-B28F-E906DF2C13F1}.Release|x86.ActiveCfg = Release|x86
		{9E7F5A33-FE4F-4ADE-B28F-E906DF2C13F1}.Release|x86.Build.0 = Release|x86
		{F5DC62F2-457A-4085-BDA5-29D4BB897CE4}.Debug|Any CPU.ActiveCfg = Debug|Any CPU
		{F5DC62F2-457A-4085-BDA5-29D4BB897CE4}.Debug|Any CPU.Build.0 = Debug|Any CPU
		{F5DC62F2-457A-4085-BDA5-29D4BB897CE4}.Debug|x86.ActiveCfg = Debug|x86
		{F5DC62F2-457A-4085-BDA5-29D4BB897CE4}.Debug|x86.Build.0 = Debug|x86
		{F5DC62F2-457A-4085-BDA5-29D4BB897CE4}.Package|Any CPU.ActiveCfg = Package|Any CPU
		{F5DC62F2-457A-4085-BDA5-29D4BB897CE4}.Package|Any CPU.Build.0 = Package|Any CPU
		{F5DC62F2-457A-4085-BDA5-29D4BB897CE4}.Package|x86.ActiveCfg = Package|x86
		{F5DC62F2-457A-4085-BDA5-29D4BB897CE4}.Package|x86.Build.0 = Package|x86
		{F5DC62F2-457A-4085-BDA5-29D4BB897CE4}.Release|Any CPU.ActiveCfg = Release|Any CPU
		{F5DC62F2-457A-4085-BDA5-29D4BB897CE4}.Release|Any CPU.Build.0 = Release|Any CPU
		{F5DC62F2-457A-4085-BDA5-29D4BB897CE4}.Release|x86.ActiveCfg = Release|x86
		{F5DC62F2-457A-4085-BDA5-29D4BB897CE4}.Release|x86.Build.0 = Release|x86
		{6CC43754-521F-4E19-8602-81B9DC0B7983}.Debug|Any CPU.ActiveCfg = Debug|Any CPU
		{6CC43754-521F-4E19-8602-81B9DC0B7983}.Debug|Any CPU.Build.0 = Debug|Any CPU
		{6CC43754-521F-4E19-8602-81B9DC0B7983}.Debug|x86.ActiveCfg = Debug|Any CPU
		{6CC43754-521F-4E19-8602-81B9DC0B7983}.Debug|x86.Build.0 = Debug|Any CPU
		{6CC43754-521F-4E19-8602-81B9DC0B7983}.Package|Any CPU.ActiveCfg = Release|Any CPU
		{6CC43754-521F-4E19-8602-81B9DC0B7983}.Package|Any CPU.Build.0 = Release|Any CPU
		{6CC43754-521F-4E19-8602-81B9DC0B7983}.Package|x86.ActiveCfg = Release|Any CPU
		{6CC43754-521F-4E19-8602-81B9DC0B7983}.Package|x86.Build.0 = Release|Any CPU
		{6CC43754-521F-4E19-8602-81B9DC0B7983}.Release|Any CPU.ActiveCfg = Release|Any CPU
		{6CC43754-521F-4E19-8602-81B9DC0B7983}.Release|Any CPU.Build.0 = Release|Any CPU
		{6CC43754-521F-4E19-8602-81B9DC0B7983}.Release|x86.ActiveCfg = Release|Any CPU
		{6CC43754-521F-4E19-8602-81B9DC0B7983}.Release|x86.Build.0 = Release|Any CPU
		{358232D4-F4F3-4CFC-91CA-02513F05EFB5}.Debug|Any CPU.ActiveCfg = Debug|Any CPU
		{358232D4-F4F3-4CFC-91CA-02513F05EFB5}.Debug|Any CPU.Build.0 = Debug|Any CPU
		{358232D4-F4F3-4CFC-91CA-02513F05EFB5}.Debug|x86.ActiveCfg = Debug|Any CPU
		{358232D4-F4F3-4CFC-91CA-02513F05EFB5}.Debug|x86.Build.0 = Debug|Any CPU
		{358232D4-F4F3-4CFC-91CA-02513F05EFB5}.Package|Any CPU.ActiveCfg = Release|Any CPU
		{358232D4-F4F3-4CFC-91CA-02513F05EFB5}.Package|Any CPU.Build.0 = Release|Any CPU
		{358232D4-F4F3-4CFC-91CA-02513F05EFB5}.Package|x86.ActiveCfg = Release|Any CPU
		{358232D4-F4F3-4CFC-91CA-02513F05EFB5}.Package|x86.Build.0 = Release|Any CPU
		{358232D4-F4F3-4CFC-91CA-02513F05EFB5}.Release|Any CPU.ActiveCfg = Release|Any CPU
		{358232D4-F4F3-4CFC-91CA-02513F05EFB5}.Release|Any CPU.Build.0 = Release|Any CPU
		{358232D4-F4F3-4CFC-91CA-02513F05EFB5}.Release|x86.ActiveCfg = Release|Any CPU
		{358232D4-F4F3-4CFC-91CA-02513F05EFB5}.Release|x86.Build.0 = Release|Any CPU
		{B010BDD4-2A3D-4963-8FD0-FCC4956C7796}.Debug|Any CPU.ActiveCfg = Debug|Any CPU
		{B010BDD4-2A3D-4963-8FD0-FCC4956C7796}.Debug|Any CPU.Build.0 = Debug|Any CPU
		{B010BDD4-2A3D-4963-8FD0-FCC4956C7796}.Debug|x86.ActiveCfg = Debug|Any CPU
		{B010BDD4-2A3D-4963-8FD0-FCC4956C7796}.Debug|x86.Build.0 = Debug|Any CPU
		{B010BDD4-2A3D-4963-8FD0-FCC4956C7796}.Package|Any CPU.ActiveCfg = Release|Any CPU
		{B010BDD4-2A3D-4963-8FD0-FCC4956C7796}.Package|Any CPU.Build.0 = Release|Any CPU
		{B010BDD4-2A3D-4963-8FD0-FCC4956C7796}.Package|x86.ActiveCfg = Release|Any CPU
		{B010BDD4-2A3D-4963-8FD0-FCC4956C7796}.Package|x86.Build.0 = Release|Any CPU
		{B010BDD4-2A3D-4963-8FD0-FCC4956C7796}.Release|Any CPU.ActiveCfg = Release|Any CPU
		{B010BDD4-2A3D-4963-8FD0-FCC4956C7796}.Release|Any CPU.Build.0 = Release|Any CPU
		{B010BDD4-2A3D-4963-8FD0-FCC4956C7796}.Release|x86.ActiveCfg = Release|Any CPU
		{B010BDD4-2A3D-4963-8FD0-FCC4956C7796}.Release|x86.Build.0 = Release|Any CPU
		{E3C1DFA1-6D5A-4044-93DB-0B4845EC69CB}.Debug|Any CPU.ActiveCfg = Debug|Any CPU
		{E3C1DFA1-6D5A-4044-93DB-0B4845EC69CB}.Debug|Any CPU.Build.0 = Debug|Any CPU
		{E3C1DFA1-6D5A-4044-93DB-0B4845EC69CB}.Debug|x86.ActiveCfg = Debug|Any CPU
		{E3C1DFA1-6D5A-4044-93DB-0B4845EC69CB}.Debug|x86.Build.0 = Debug|Any CPU
		{E3C1DFA1-6D5A-4044-93DB-0B4845EC69CB}.Package|Any CPU.ActiveCfg = Release|Any CPU
		{E3C1DFA1-6D5A-4044-93DB-0B4845EC69CB}.Package|Any CPU.Build.0 = Release|Any CPU
		{E3C1DFA1-6D5A-4044-93DB-0B4845EC69CB}.Package|x86.ActiveCfg = Release|Any CPU
		{E3C1DFA1-6D5A-4044-93DB-0B4845EC69CB}.Package|x86.Build.0 = Release|Any CPU
		{E3C1DFA1-6D5A-4044-93DB-0B4845EC69CB}.Release|Any CPU.ActiveCfg = Release|Any CPU
		{E3C1DFA1-6D5A-4044-93DB-0B4845EC69CB}.Release|Any CPU.Build.0 = Release|Any CPU
		{E3C1DFA1-6D5A-4044-93DB-0B4845EC69CB}.Release|x86.ActiveCfg = Release|Any CPU
		{E3C1DFA1-6D5A-4044-93DB-0B4845EC69CB}.Release|x86.Build.0 = Release|Any CPU
	EndGlobalSection
	GlobalSection(SolutionProperties) = preSolution
		HideSolutionNode = FALSE
	EndGlobalSection
EndGlobal
