
Microsoft Visual Studio Solution File, Format Version 12.00
# Visual Studio 15
VisualStudioVersion = 15.0.27428.2015
MinimumVisualStudioVersion = 10.0.40219.1
Project("{2150E333-8FDC-42A3-9474-1A3956D46DE8}") = "Build", "Build", "{E58CD0A9-4D33-45C3-AE59-F65C692F7495}"
	ProjectSection(SolutionItems) = preProject
		addOnData.fsx = addOnData.fsx
		build.fsx = build.fsx
		paket.dependencies = paket.dependencies
		templates.fsx = templates.fsx
	EndProjectSection
EndProject
Project("{F2A71F9B-5D33-465A-A702-920D77279786}") = "ES.Taipan.Fingerprinter", "ES.Taipan.Fingerprinter\ES.Taipan.Fingerprinter.fsproj", "{F5DC62F2-457A-4085-BDA5-29D4BB897CE4}"
EndProject
Project("{F2A71F9B-5D33-465A-A702-920D77279786}") = "ES.Taipan.Infrastructure", "ES.Taipan.Infrastructure\ES.Taipan.Infrastructure.fsproj", "{9E7F5A33-FE4F-4ADE-B28F-E906DF2C13F1}"
EndProject
Project("{F2A71F9B-5D33-465A-A702-920D77279786}") = "ES.Taipan.Application", "ES.Taipan.Application\ES.Taipan.Application.fsproj", "{7FF8E8CD-2EC1-47DC-B5F0-D5FC75E4763F}"
EndProject
Project("{F2A71F9B-5D33-465A-A702-920D77279786}") = "ES.Taipan.Discoverer", "ES.Taipan.Discoverer\ES.Taipan.Discoverer.fsproj", "{358232D4-F4F3-4CFC-91CA-02513F05EFB5}"
EndProject
Project("{F2A71F9B-5D33-465A-A702-920D77279786}") = "ES.Taipan.Inspector", "ES.Taipan.Inspector\ES.Taipan.Inspector.fsproj", "{59244978-1061-4BC7-8636-5CB65569D87C}"
EndProject
Project("{F2A71F9B-5D33-465A-A702-920D77279786}") = "ES.Taipan.Crawler", "ES.Taipan.Crawler\ES.Taipan.Crawler.fsproj", "{B010BDD4-2A3D-4963-8FD0-FCC4956C7796}"
EndProject
Project("{F2A71F9B-5D33-465A-A702-920D77279786}") = "ES.Taipan.Crawler.WebScrapers", "ES.Taipan.Crawler.WebScrapers\ES.Taipan.Crawler.WebScrapers.fsproj", "{E3C1DFA1-6D5A-4044-93DB-0B4845EC69CB}"
EndProject
Project("{F2A71F9B-5D33-465A-A702-920D77279786}") = "EndToEndTests", "EndToEndTests\EndToEndTests.fsproj", "{D8F16E4C-10BD-4990-94DA-BE029C6D226A}"
EndProject
Project("{2150E333-8FDC-42A3-9474-1A3956D46DE8}") = "Tests", "Tests", "{8405954E-993B-47CA-922E-72DA3C2CD6B8}"
EndProject
Project("{F2A71F9B-5D33-465A-A702-920D77279786}") = "Taipan", "Taipan\Taipan.fsproj", "{33BDC9C5-ADB7-4097-88F3-BA48D750A105}"
EndProject
Project("{2150E333-8FDC-42A3-9474-1A3956D46DE8}") = "Tools", "Tools", "{6005F28D-10D2-4285-89C0-5014EBCD5FB4}"
EndProject
Project("{F2A71F9B-5D33-465A-A702-920D77279786}") = "Groviera", "Groviera\Groviera.fsproj", "{91DFA8CA-7708-45CD-BC52-F78AFA141BC7}"
EndProject
Project("{F2A71F9B-5D33-465A-A702-920D77279786}") = "ES.Taipan.Inspector.AddOns", "ES.Taipan.Inspector.AddOns\ES.Taipan.Inspector.AddOns.fsproj", "{26C95B81-882D-44A0-9574-0AB0E86BEA6E}"
EndProject
Project("{2150E333-8FDC-42A3-9474-1A3956D46DE8}") = "ThirdPart", "ThirdPart", "{76DB6A4B-FDD1-4532-A34E-142D27DAAB3C}"
EndProject
Project("{FAE04EC0-301F-11D3-BF4B-00C04F79EFBC}") = "TestSSLServerLib", "Thirdpart\TestSSLServerLib\TestSSLServerLib.csproj", "{51C57651-2013-4493-B514-730C0D77F5DC}"
EndProject
Project("{F2A71F9B-5D33-465A-A702-920D77279786}") = "UnitTests", "UnitTests\UnitTests.fsproj", "{B00C1187-1C3E-4B4D-AAE5-E1AFC4FD8D23}"
EndProject
Project("{F2A71F9B-5D33-465A-A702-920D77279786}") = "VulnerabilityEditor", "VulnerabilityEditor\VulnerabilityEditor.fsproj", "{C43ED77E-FB78-4B8B-A05E-2DFF8DCEEB92}"
EndProject
Global
	GlobalSection(SolutionConfigurationPlatforms) = preSolution
		Debug|Any CPU = Debug|Any CPU
		Debug|x86 = Debug|x86
		Package|Any CPU = Package|Any CPU
		Package|x86 = Package|x86
		Release|Any CPU = Release|Any CPU
		Release|x86 = Release|x86
	EndGlobalSection
	GlobalSection(ProjectConfigurationPlatforms) = postSolution
		{F5DC62F2-457A-4085-BDA5-29D4BB897CE4}.Debug|Any CPU.ActiveCfg = Debug|Any CPU
		{F5DC62F2-457A-4085-BDA5-29D4BB897CE4}.Debug|Any CPU.Build.0 = Debug|Any CPU
		{F5DC62F2-457A-4085-BDA5-29D4BB897CE4}.Debug|x86.ActiveCfg = Debug|x86
		{F5DC62F2-457A-4085-BDA5-29D4BB897CE4}.Debug|x86.Build.0 = Debug|x86
		{F5DC62F2-457A-4085-BDA5-29D4BB897CE4}.Package|Any CPU.ActiveCfg = Package|Any CPU
		{F5DC62F2-457A-4085-BDA5-29D4BB897CE4}.Package|Any CPU.Build.0 = Package|Any CPU
		{F5DC62F2-457A-4085-BDA5-29D4BB897CE4}.Package|x86.ActiveCfg = Package|x86
		{F5DC62F2-457A-4085-BDA5-29D4BB897CE4}.Package|x86.Build.0 = Package|x86
		{F5DC62F2-457A-4085-BDA5-29D4BB897CE4}.Release|Any CPU.ActiveCfg = Release|Any CPU
		{F5DC62F2-457A-4085-BDA5-29D4BB897CE4}.Release|Any CPU.Build.0 = Release|Any CPU
		{F5DC62F2-457A-4085-BDA5-29D4BB897CE4}.Release|x86.ActiveCfg = Release|x86
		{F5DC62F2-457A-4085-BDA5-29D4BB897CE4}.Release|x86.Build.0 = Release|x86
		{9E7F5A33-FE4F-4ADE-B28F-E906DF2C13F1}.Debug|Any CPU.ActiveCfg = Debug|Any CPU
		{9E7F5A33-FE4F-4ADE-B28F-E906DF2C13F1}.Debug|Any CPU.Build.0 = Debug|Any CPU
		{9E7F5A33-FE4F-4ADE-B28F-E906DF2C13F1}.Debug|x86.ActiveCfg = Debug|x86
		{9E7F5A33-FE4F-4ADE-B28F-E906DF2C13F1}.Debug|x86.Build.0 = Debug|x86
		{9E7F5A33-FE4F-4ADE-B28F-E906DF2C13F1}.Package|Any CPU.ActiveCfg = Package|Any CPU
		{9E7F5A33-FE4F-4ADE-B28F-E906DF2C13F1}.Package|Any CPU.Build.0 = Package|Any CPU
		{9E7F5A33-FE4F-4ADE-B28F-E906DF2C13F1}.Package|x86.ActiveCfg = Package|x86
		{9E7F5A33-FE4F-4ADE-B28F-E906DF2C13F1}.Package|x86.Build.0 = Package|x86
		{9E7F5A33-FE4F-4ADE-B28F-E906DF2C13F1}.Release|Any CPU.ActiveCfg = Release|Any CPU
		{9E7F5A33-FE4F-4ADE-B28F-E906DF2C13F1}.Release|Any CPU.Build.0 = Release|Any CPU
		{9E7F5A33-FE4F-4ADE-B28F-E906DF2C13F1}.Release|x86.ActiveCfg = Release|x86
		{9E7F5A33-FE4F-4ADE-B28F-E906DF2C13F1}.Release|x86.Build.0 = Release|x86
		{7FF8E8CD-2EC1-47DC-B5F0-D5FC75E4763F}.Debug|Any CPU.ActiveCfg = Debug|Any CPU
		{7FF8E8CD-2EC1-47DC-B5F0-D5FC75E4763F}.Debug|Any CPU.Build.0 = Debug|Any CPU
		{7FF8E8CD-2EC1-47DC-B5F0-D5FC75E4763F}.Debug|x86.ActiveCfg = Debug|Any CPU
		{7FF8E8CD-2EC1-47DC-B5F0-D5FC75E4763F}.Package|Any CPU.ActiveCfg = Release|Any CPU
		{7FF8E8CD-2EC1-47DC-B5F0-D5FC75E4763F}.Package|Any CPU.Build.0 = Release|Any CPU
		{7FF8E8CD-2EC1-47DC-B5F0-D5FC75E4763F}.Package|x86.ActiveCfg = Release|Any CPU
		{7FF8E8CD-2EC1-47DC-B5F0-D5FC75E4763F}.Release|Any CPU.ActiveCfg = Release|Any CPU
		{7FF8E8CD-2EC1-47DC-B5F0-D5FC75E4763F}.Release|Any CPU.Build.0 = Release|Any CPU
		{7FF8E8CD-2EC1-47DC-B5F0-D5FC75E4763F}.Release|x86.ActiveCfg = Release|Any CPU
		{358232D4-F4F3-4CFC-91CA-02513F05EFB5}.Debug|Any CPU.ActiveCfg = Debug|Any CPU
		{358232D4-F4F3-4CFC-91CA-02513F05EFB5}.Debug|Any CPU.Build.0 = Debug|Any CPU
		{358232D4-F4F3-4CFC-91CA-02513F05EFB5}.Debug|x86.ActiveCfg = Debug|Any CPU
		{358232D4-F4F3-4CFC-91CA-02513F05EFB5}.Package|Any CPU.ActiveCfg = Release|Any CPU
		{358232D4-F4F3-4CFC-91CA-02513F05EFB5}.Package|Any CPU.Build.0 = Release|Any CPU
		{358232D4-F4F3-4CFC-91CA-02513F05EFB5}.Package|x86.ActiveCfg = Release|Any CPU
		{358232D4-F4F3-4CFC-91CA-02513F05EFB5}.Release|Any CPU.ActiveCfg = Release|Any CPU
		{358232D4-F4F3-4CFC-91CA-02513F05EFB5}.Release|Any CPU.Build.0 = Release|Any CPU
		{358232D4-F4F3-4CFC-91CA-02513F05EFB5}.Release|x86.ActiveCfg = Release|Any CPU
		{59244978-1061-4BC7-8636-5CB65569D87C}.Debug|Any CPU.ActiveCfg = Debug|Any CPU
		{59244978-1061-4BC7-8636-5CB65569D87C}.Debug|Any CPU.Build.0 = Debug|Any CPU
		{59244978-1061-4BC7-8636-5CB65569D87C}.Debug|x86.ActiveCfg = Debug|Any CPU
		{59244978-1061-4BC7-8636-5CB65569D87C}.Package|Any CPU.ActiveCfg = Release|Any CPU
		{59244978-1061-4BC7-8636-5CB65569D87C}.Package|Any CPU.Build.0 = Release|Any CPU
		{59244978-1061-4BC7-8636-5CB65569D87C}.Package|x86.ActiveCfg = Release|Any CPU
		{59244978-1061-4BC7-8636-5CB65569D87C}.Release|Any CPU.ActiveCfg = Release|Any CPU
		{59244978-1061-4BC7-8636-5CB65569D87C}.Release|Any CPU.Build.0 = Release|Any CPU
		{59244978-1061-4BC7-8636-5CB65569D87C}.Release|x86.ActiveCfg = Release|Any CPU
		{B010BDD4-2A3D-4963-8FD0-FCC4956C7796}.Debug|Any CPU.ActiveCfg = Debug|Any CPU
		{B010BDD4-2A3D-4963-8FD0-FCC4956C7796}.Debug|Any CPU.Build.0 = Debug|Any CPU
		{B010BDD4-2A3D-4963-8FD0-FCC4956C7796}.Debug|x86.ActiveCfg = Debug|Any CPU
		{B010BDD4-2A3D-4963-8FD0-FCC4956C7796}.Package|Any CPU.ActiveCfg = Release|Any CPU
		{B010BDD4-2A3D-4963-8FD0-FCC4956C7796}.Package|Any CPU.Build.0 = Release|Any CPU
		{B010BDD4-2A3D-4963-8FD0-FCC4956C7796}.Package|x86.ActiveCfg = Release|Any CPU
		{B010BDD4-2A3D-4963-8FD0-FCC4956C7796}.Release|Any CPU.ActiveCfg = Release|Any CPU
		{B010BDD4-2A3D-4963-8FD0-FCC4956C7796}.Release|Any CPU.Build.0 = Release|Any CPU
		{B010BDD4-2A3D-4963-8FD0-FCC4956C7796}.Release|x86.ActiveCfg = Release|Any CPU
		{E3C1DFA1-6D5A-4044-93DB-0B4845EC69CB}.Debug|Any CPU.ActiveCfg = Debug|Any CPU
		{E3C1DFA1-6D5A-4044-93DB-0B4845EC69CB}.Debug|Any CPU.Build.0 = Debug|Any CPU
		{E3C1DFA1-6D5A-4044-93DB-0B4845EC69CB}.Debug|x86.ActiveCfg = Debug|Any CPU
		{E3C1DFA1-6D5A-4044-93DB-0B4845EC69CB}.Debug|x86.Build.0 = Debug|Any CPU
		{E3C1DFA1-6D5A-4044-93DB-0B4845EC69CB}.Package|Any CPU.ActiveCfg = Release|Any CPU
		{E3C1DFA1-6D5A-4044-93DB-0B4845EC69CB}.Package|Any CPU.Build.0 = Release|Any CPU
		{E3C1DFA1-6D5A-4044-93DB-0B4845EC69CB}.Package|x86.ActiveCfg = Release|Any CPU
		{E3C1DFA1-6D5A-4044-93DB-0B4845EC69CB}.Package|x86.Build.0 = Release|Any CPU
		{E3C1DFA1-6D5A-4044-93DB-0B4845EC69CB}.Release|Any CPU.ActiveCfg = Release|Any CPU
		{E3C1DFA1-6D5A-4044-93DB-0B4845EC69CB}.Release|Any CPU.Build.0 = Release|Any CPU
		{E3C1DFA1-6D5A-4044-93DB-0B4845EC69CB}.Release|x86.ActiveCfg = Release|Any CPU
		{E3C1DFA1-6D5A-4044-93DB-0B4845EC69CB}.Release|x86.Build.0 = Release|Any CPU
		{D8F16E4C-10BD-4990-94DA-BE029C6D226A}.Debug|Any CPU.ActiveCfg = Debug|Any CPU
		{D8F16E4C-10BD-4990-94DA-BE029C6D226A}.Debug|Any CPU.Build.0 = Debug|Any CPU
		{D8F16E4C-10BD-4990-94DA-BE029C6D226A}.Debug|x86.ActiveCfg = Debug|Any CPU
		{D8F16E4C-10BD-4990-94DA-BE029C6D226A}.Debug|x86.Build.0 = Debug|Any CPU
		{D8F16E4C-10BD-4990-94DA-BE029C6D226A}.Package|Any CPU.ActiveCfg = Release|Any CPU
		{D8F16E4C-10BD-4990-94DA-BE029C6D226A}.Package|Any CPU.Build.0 = Release|Any CPU
		{D8F16E4C-10BD-4990-94DA-BE029C6D226A}.Package|x86.ActiveCfg = Release|Any CPU
		{D8F16E4C-10BD-4990-94DA-BE029C6D226A}.Package|x86.Build.0 = Release|Any CPU
		{D8F16E4C-10BD-4990-94DA-BE029C6D226A}.Release|Any CPU.ActiveCfg = Release|Any CPU
		{D8F16E4C-10BD-4990-94DA-BE029C6D226A}.Release|Any CPU.Build.0 = Release|Any CPU
		{D8F16E4C-10BD-4990-94DA-BE029C6D226A}.Release|x86.ActiveCfg = Release|Any CPU
		{D8F16E4C-10BD-4990-94DA-BE029C6D226A}.Release|x86.Build.0 = Release|Any CPU
		{33BDC9C5-ADB7-4097-88F3-BA48D750A105}.Debug|Any CPU.ActiveCfg = Debug|Any CPU
		{33BDC9C5-ADB7-4097-88F3-BA48D750A105}.Debug|Any CPU.Build.0 = Debug|Any CPU
		{33BDC9C5-ADB7-4097-88F3-BA48D750A105}.Debug|x86.ActiveCfg = Debug|Any CPU
		{33BDC9C5-ADB7-4097-88F3-BA48D750A105}.Debug|x86.Build.0 = Debug|Any CPU
		{33BDC9C5-ADB7-4097-88F3-BA48D750A105}.Package|Any CPU.ActiveCfg = Release|Any CPU
		{33BDC9C5-ADB7-4097-88F3-BA48D750A105}.Package|Any CPU.Build.0 = Release|Any CPU
		{33BDC9C5-ADB7-4097-88F3-BA48D750A105}.Package|x86.ActiveCfg = Release|Any CPU
		{33BDC9C5-ADB7-4097-88F3-BA48D750A105}.Package|x86.Build.0 = Release|Any CPU
		{33BDC9C5-ADB7-4097-88F3-BA48D750A105}.Release|Any CPU.ActiveCfg = Release|Any CPU
		{33BDC9C5-ADB7-4097-88F3-BA48D750A105}.Release|Any CPU.Build.0 = Release|Any CPU
		{33BDC9C5-ADB7-4097-88F3-BA48D750A105}.Release|x86.ActiveCfg = Release|Any CPU
		{33BDC9C5-ADB7-4097-88F3-BA48D750A105}.Release|x86.Build.0 = Release|Any CPU
		{91DFA8CA-7708-45CD-BC52-F78AFA141BC7}.Debug|Any CPU.ActiveCfg = Debug|Any CPU
		{91DFA8CA-7708-45CD-BC52-F78AFA141BC7}.Debug|Any CPU.Build.0 = Debug|Any CPU
		{91DFA8CA-7708-45CD-BC52-F78AFA141BC7}.Debug|x86.ActiveCfg = Debug|Any CPU
		{91DFA8CA-7708-45CD-BC52-F78AFA141BC7}.Debug|x86.Build.0 = Debug|Any CPU
		{91DFA8CA-7708-45CD-BC52-F78AFA141BC7}.Package|Any CPU.ActiveCfg = Release|Any CPU
		{91DFA8CA-7708-45CD-BC52-F78AFA141BC7}.Package|Any CPU.Build.0 = Release|Any CPU
		{91DFA8CA-7708-45CD-BC52-F78AFA141BC7}.Package|x86.ActiveCfg = Release|Any CPU
		{91DFA8CA-7708-45CD-BC52-F78AFA141BC7}.Package|x86.Build.0 = Release|Any CPU
		{91DFA8CA-7708-45CD-BC52-F78AFA141BC7}.Release|Any CPU.ActiveCfg = Release|Any CPU
		{91DFA8CA-7708-45CD-BC52-F78AFA141BC7}.Release|Any CPU.Build.0 = Release|Any CPU
		{91DFA8CA-7708-45CD-BC52-F78AFA141BC7}.Release|x86.ActiveCfg = Release|Any CPU
		{91DFA8CA-7708-45CD-BC52-F78AFA141BC7}.Release|x86.Build.0 = Release|Any CPU
		{26C95B81-882D-44A0-9574-0AB0E86BEA6E}.Debug|Any CPU.ActiveCfg = Debug|Any CPU
		{26C95B81-882D-44A0-9574-0AB0E86BEA6E}.Debug|Any CPU.Build.0 = Debug|Any CPU
		{26C95B81-882D-44A0-9574-0AB0E86BEA6E}.Debug|x86.ActiveCfg = Debug|Any CPU
		{26C95B81-882D-44A0-9574-0AB0E86BEA6E}.Debug|x86.Build.0 = Debug|Any CPU
		{26C95B81-882D-44A0-9574-0AB0E86BEA6E}.Package|Any CPU.ActiveCfg = Release|Any CPU
		{26C95B81-882D-44A0-9574-0AB0E86BEA6E}.Package|Any CPU.Build.0 = Release|Any CPU
		{26C95B81-882D-44A0-9574-0AB0E86BEA6E}.Package|x86.ActiveCfg = Release|Any CPU
		{26C95B81-882D-44A0-9574-0AB0E86BEA6E}.Package|x86.Build.0 = Release|Any CPU
		{26C95B81-882D-44A0-9574-0AB0E86BEA6E}.Release|Any CPU.ActiveCfg = Release|Any CPU
		{26C95B81-882D-44A0-9574-0AB0E86BEA6E}.Release|Any CPU.Build.0 = Release|Any CPU
		{26C95B81-882D-44A0-9574-0AB0E86BEA6E}.Release|x86.ActiveCfg = Release|Any CPU
		{26C95B81-882D-44A0-9574-0AB0E86BEA6E}.Release|x86.Build.0 = Release|Any CPU
		{51C57651-2013-4493-B514-730C0D77F5DC}.Debug|Any CPU.ActiveCfg = Debug|Any CPU
		{51C57651-2013-4493-B514-730C0D77F5DC}.Debug|Any CPU.Build.0 = Debug|Any CPU
		{51C57651-2013-4493-B514-730C0D77F5DC}.Debug|x86.ActiveCfg = Debug|Any CPU
		{51C57651-2013-4493-B514-730C0D77F5DC}.Debug|x86.Build.0 = Debug|Any CPU
		{51C57651-2013-4493-B514-730C0D77F5DC}.Package|Any CPU.ActiveCfg = Release|Any CPU
		{51C57651-2013-4493-B514-730C0D77F5DC}.Package|Any CPU.Build.0 = Release|Any CPU
		{51C57651-2013-4493-B514-730C0D77F5DC}.Package|x86.ActiveCfg = Release|Any CPU
		{51C57651-2013-4493-B514-730C0D77F5DC}.Package|x86.Build.0 = Release|Any CPU
		{51C57651-2013-4493-B514-730C0D77F5DC}.Release|Any CPU.ActiveCfg = Release|Any CPU
		{51C57651-2013-4493-B514-730C0D77F5DC}.Release|Any CPU.Build.0 = Release|Any CPU
		{51C57651-2013-4493-B514-730C0D77F5DC}.Release|x86.ActiveCfg = Release|Any CPU
		{51C57651-2013-4493-B514-730C0D77F5DC}.Release|x86.Build.0 = Release|Any CPU
		{B00C1187-1C3E-4B4D-AAE5-E1AFC4FD8D23}.Debug|Any CPU.ActiveCfg = Debug|Any CPU
		{B00C1187-1C3E-4B4D-AAE5-E1AFC4FD8D23}.Debug|Any CPU.Build.0 = Debug|Any CPU
		{B00C1187-1C3E-4B4D-AAE5-E1AFC4FD8D23}.Debug|x86.ActiveCfg = Debug|Any CPU
		{B00C1187-1C3E-4B4D-AAE5-E1AFC4FD8D23}.Debug|x86.Build.0 = Debug|Any CPU
		{B00C1187-1C3E-4B4D-AAE5-E1AFC4FD8D23}.Package|Any CPU.ActiveCfg = Release|Any CPU
		{B00C1187-1C3E-4B4D-AAE5-E1AFC4FD8D23}.Package|Any CPU.Build.0 = Release|Any CPU
		{B00C1187-1C3E-4B4D-AAE5-E1AFC4FD8D23}.Package|x86.ActiveCfg = Release|Any CPU
		{B00C1187-1C3E-4B4D-AAE5-E1AFC4FD8D23}.Package|x86.Build.0 = Release|Any CPU
		{B00C1187-1C3E-4B4D-AAE5-E1AFC4FD8D23}.Release|Any CPU.ActiveCfg = Release|Any CPU
		{B00C1187-1C3E-4B4D-AAE5-E1AFC4FD8D23}.Release|Any CPU.Build.0 = Release|Any CPU
		{B00C1187-1C3E-4B4D-AAE5-E1AFC4FD8D23}.Release|x86.ActiveCfg = Release|Any CPU
		{B00C1187-1C3E-4B4D-AAE5-E1AFC4FD8D23}.Release|x86.Build.0 = Release|Any CPU
		{C43ED77E-FB78-4B8B-A05E-2DFF8DCEEB92}.Debug|Any CPU.ActiveCfg = Debug|Any CPU
		{C43ED77E-FB78-4B8B-A05E-2DFF8DCEEB92}.Debug|Any CPU.Build.0 = Debug|Any CPU
		{C43ED77E-FB78-4B8B-A05E-2DFF8DCEEB92}.Debug|x86.ActiveCfg = Debug|Any CPU
		{C43ED77E-FB78-4B8B-A05E-2DFF8DCEEB92}.Debug|x86.Build.0 = Debug|Any CPU
		{C43ED77E-FB78-4B8B-A05E-2DFF8DCEEB92}.Package|Any CPU.ActiveCfg = Release|Any CPU
		{C43ED77E-FB78-4B8B-A05E-2DFF8DCEEB92}.Package|Any CPU.Build.0 = Release|Any CPU
		{C43ED77E-FB78-4B8B-A05E-2DFF8DCEEB92}.Package|x86.ActiveCfg = Release|Any CPU
		{C43ED77E-FB78-4B8B-A05E-2DFF8DCEEB92}.Package|x86.Build.0 = Release|Any CPU
		{C43ED77E-FB78-4B8B-A05E-2DFF8DCEEB92}.Release|Any CPU.ActiveCfg = Release|Any CPU
		{C43ED77E-FB78-4B8B-A05E-2DFF8DCEEB92}.Release|Any CPU.Build.0 = Release|Any CPU
		{C43ED77E-FB78-4B8B-A05E-2DFF8DCEEB92}.Release|x86.ActiveCfg = Release|Any CPU
		{C43ED77E-FB78-4B8B-A05E-2DFF8DCEEB92}.Release|x86.Build.0 = Release|Any CPU
	EndGlobalSection
	GlobalSection(SolutionProperties) = preSolution
		HideSolutionNode = FALSE
	EndGlobalSection
	GlobalSection(NestedProjects) = preSolution
		{D8F16E4C-10BD-4990-94DA-BE029C6D226A} = {8405954E-993B-47CA-922E-72DA3C2CD6B8}
		{33BDC9C5-ADB7-4097-88F3-BA48D750A105} = {6005F28D-10D2-4285-89C0-5014EBCD5FB4}
		{91DFA8CA-7708-45CD-BC52-F78AFA141BC7} = {8405954E-993B-47CA-922E-72DA3C2CD6B8}
		{51C57651-2013-4493-B514-730C0D77F5DC} = {76DB6A4B-FDD1-4532-A34E-142D27DAAB3C}
		{B00C1187-1C3E-4B4D-AAE5-E1AFC4FD8D23} = {8405954E-993B-47CA-922E-72DA3C2CD6B8}
		{C43ED77E-FB78-4B8B-A05E-2DFF8DCEEB92} = {6005F28D-10D2-4285-89C0-5014EBCD5FB4}
	EndGlobalSection
	GlobalSection(ExtensibilityGlobals) = postSolution
		SolutionGuid = {C329D6AE-A135-4640-B1A3-A5723911C2EC}
	EndGlobalSection
EndGlobal
